
Microsoft Visual Studio Solution File, Format Version 12.00
# Visual Studio 15
VisualStudioVersion = 15.0.28307.852
MinimumVisualStudioVersion = 10.0.40219.1
Project("{DA7A21FA-8162-4350-AD77-A8D1B671F3ED}") = "thanos", "thanos.rxproj", "{06DB6CBA-FAE4-4D26-8378-3B4EE8D5AF51}"
EndProject
Global
	GlobalSection(SolutionConfigurationPlatforms) = preSolution
		Debug|Any CPU = Debug|Any CPU
		Release|Any CPU = Release|Any CPU
	EndGlobalSection
	GlobalSection(ProjectConfigurationPlatforms) = postSolution
		{06DB6CBA-FAE4-4D26-8378-3B4EE8D5AF51}.Debug|Any CPU.ActiveCfg = Debug|Any CPU
		{06DB6CBA-FAE4-4D26-8378-3B4EE8D5AF51}.Debug|Any CPU.Build.0 = Debug|Any CPU
		{06DB6CBA-FAE4-4D26-8378-3B4EE8D5AF51}.Release|Any CPU.ActiveCfg = Release|Any CPU
		{06DB6CBA-FAE4-4D26-8378-3B4EE8D5AF51}.Release|Any CPU.Build.0 = Release|Any CPU
	EndGlobalSection
	GlobalSection(SolutionProperties) = preSolution
		HideSolutionNode = FALSE
	EndGlobalSection
	GlobalSection(ExtensibilityGlobals) = postSolution
		SolutionGuid = {FB8E45CB-2395-4864-88C1-AF5AF9C31689}
	EndGlobalSection
EndGlobal
